// !$*UTF8*$!
{
	archiveVersion = 1;
	classes = {
	};
	objectVersion = 50;
	objects = {

/* Begin PBXBuildFile section */
		A4227848229C54D400F5E40F /* AppDelegate.swift in Sources */ = {isa = PBXBuildFile; fileRef = A4227847229C54D400F5E40F /* AppDelegate.swift */; };
		A422784A229C54D400F5E40F /* ViewController.swift in Sources */ = {isa = PBXBuildFile; fileRef = A4227849229C54D400F5E40F /* ViewController.swift */; };
		A422784D229C54D400F5E40F /* Main.storyboard in Resources */ = {isa = PBXBuildFile; fileRef = A422784B229C54D400F5E40F /* Main.storyboard */; };
		A422784F229C54D500F5E40F /* Assets.xcassets in Resources */ = {isa = PBXBuildFile; fileRef = A422784E229C54D500F5E40F /* Assets.xcassets */; };
		A4227852229C54D500F5E40F /* LaunchScreen.storyboard in Resources */ = {isa = PBXBuildFile; fileRef = A4227850229C54D500F5E40F /* LaunchScreen.storyboard */; };
		A422785D229C54D500F5E40F /* SetTests.swift in Sources */ = {isa = PBXBuildFile; fileRef = A422785C229C54D500F5E40F /* SetTests.swift */; };
		A4227868229C54D500F5E40F /* SetUITests.swift in Sources */ = {isa = PBXBuildFile; fileRef = A4227867229C54D500F5E40F /* SetUITests.swift */; };
/* End PBXBuildFile section */

/* Begin PBXContainerItemProxy section */
		A4227859229C54D500F5E40F /* PBXContainerItemProxy */ = {
			isa = PBXContainerItemProxy;
			containerPortal = A422783C229C54D400F5E40F /* Project object */;
			proxyType = 1;
			remoteGlobalIDString = A4227843229C54D400F5E40F;
			remoteInfo = Set;
		};
		A4227864229C54D500F5E40F /* PBXContainerItemProxy */ = {
			isa = PBXContainerItemProxy;
			containerPortal = A422783C229C54D400F5E40F /* Project object */;
			proxyType = 1;
			remoteGlobalIDString = A4227843229C54D400F5E40F;
			remoteInfo = Set;
		};
/* End PBXContainerItemProxy section */

/* Begin PBXFileReference section */
		A4227844229C54D400F5E40F /* Set.app */ = {isa = PBXFileReference; explicitFileType = wrapper.application; includeInIndex = 0; path = Set.app; sourceTree = BUILT_PRODUCTS_DIR; };
		A4227847229C54D400F5E40F /* AppDelegate.swift */ = {isa = PBXFileReference; lastKnownFileType = sourcecode.swift; path = AppDelegate.swift; sourceTree = "<group>"; };
		A4227849229C54D400F5E40F /* ViewController.swift */ = {isa = PBXFileReference; lastKnownFileType = sourcecode.swift; path = ViewController.swift; sourceTree = "<group>"; };
		A422784C229C54D400F5E40F /* Base */ = {isa = PBXFileReference; lastKnownFileType = file.storyboard; name = Base; path = Base.lproj/Main.storyboard; sourceTree = "<group>"; };
		A422784E229C54D500F5E40F /* Assets.xcassets */ = {isa = PBXFileReference; lastKnownFileType = folder.assetcatalog; path = Assets.xcassets; sourceTree = "<group>"; };
		A4227851229C54D500F5E40F /* Base */ = {isa = PBXFileReference; lastKnownFileType = file.storyboard; name = Base; path = Base.lproj/LaunchScreen.storyboard; sourceTree = "<group>"; };
		A4227853229C54D500F5E40F /* Info.plist */ = {isa = PBXFileReference; lastKnownFileType = text.plist.xml; path = Info.plist; sourceTree = "<group>"; };
		A4227858229C54D500F5E40F /* SetTests.xctest */ = {isa = PBXFileReference; explicitFileType = wrapper.cfbundle; includeInIndex = 0; path = SetTests.xctest; sourceTree = BUILT_PRODUCTS_DIR; };
		A422785C229C54D500F5E40F /* SetTests.swift */ = {isa = PBXFileReference; lastKnownFileType = sourcecode.swift; path = SetTests.swift; sourceTree = "<group>"; };
		A422785E229C54D500F5E40F /* Info.plist */ = {isa = PBXFileReference; lastKnownFileType = text.plist.xml; path = Info.plist; sourceTree = "<group>"; };
		A4227863229C54D500F5E40F /* SetUITests.xctest */ = {isa = PBXFileReference; explicitFileType = wrapper.cfbundle; includeInIndex = 0; path = SetUITests.xctest; sourceTree = BUILT_PRODUCTS_DIR; };
		A4227867229C54D500F5E40F /* SetUITests.swift */ = {isa = PBXFileReference; lastKnownFileType = sourcecode.swift; path = SetUITests.swift; sourceTree = "<group>"; };
		A4227869229C54D500F5E40F /* Info.plist */ = {isa = PBXFileReference; lastKnownFileType = text.plist.xml; path = Info.plist; sourceTree = "<group>"; };
/* End PBXFileReference section */

/* Begin PBXFrameworksBuildPhase section */
		A4227841229C54D400F5E40F /* Frameworks */ = {
			isa = PBXFrameworksBuildPhase;
			buildActionMask = 2147483647;
			files = (
			);
			runOnlyForDeploymentPostprocessing = 0;
		};
		A4227855229C54D500F5E40F /* Frameworks */ = {
			isa = PBXFrameworksBuildPhase;
			buildActionMask = 2147483647;
			files = (
			);
			runOnlyForDeploymentPostprocessing = 0;
		};
		A4227860229C54D500F5E40F /* Frameworks */ = {
			isa = PBXFrameworksBuildPhase;
			buildActionMask = 2147483647;
			files = (
			);
			runOnlyForDeploymentPostprocessing = 0;
		};
/* End PBXFrameworksBuildPhase section */

/* Begin PBXGroup section */
		A422783B229C54D400F5E40F = {
			isa = PBXGroup;
			children = (
				A4227846229C54D400F5E40F /* Set */,
				A422785B229C54D500F5E40F /* SetTests */,
				A4227866229C54D500F5E40F /* SetUITests */,
				A4227845229C54D400F5E40F /* Products */,
			);
			sourceTree = "<group>";
		};
		A4227845229C54D400F5E40F /* Products */ = {
			isa = PBXGroup;
			children = (
				A4227844229C54D400F5E40F /* Set.app */,
				A4227858229C54D500F5E40F /* SetTests.xctest */,
				A4227863229C54D500F5E40F /* SetUITests.xctest */,
			);
			name = Products;
			sourceTree = "<group>";
		};
		A4227846229C54D400F5E40F /* Set */ = {
			isa = PBXGroup;
			children = (
				A4227876229C551D00F5E40F /* Utils */,
				A4227849229C54D400F5E40F /* ViewController.swift */,
				A422784B229C54D400F5E40F /* Main.storyboard */,
				A4227853229C54D500F5E40F /* Info.plist */,
			);
			path = Set;
			sourceTree = "<group>";
		};
		A422785B229C54D500F5E40F /* SetTests */ = {
			isa = PBXGroup;
			children = (
				A422785C229C54D500F5E40F /* SetTests.swift */,
				A422785E229C54D500F5E40F /* Info.plist */,
			);
			path = SetTests;
			sourceTree = "<group>";
		};
		A4227866229C54D500F5E40F /* SetUITests */ = {
			isa = PBXGroup;
			children = (
				A4227867229C54D500F5E40F /* SetUITests.swift */,
				A4227869229C54D500F5E40F /* Info.plist */,
			);
			path = SetUITests;
			sourceTree = "<group>";
		};
		A4227876229C551D00F5E40F /* Utils */ = {
			isa = PBXGroup;
			children = (
				A4227850229C54D500F5E40F /* LaunchScreen.storyboard */,
				A422784E229C54D500F5E40F /* Assets.xcassets */,
				A4227847229C54D400F5E40F /* AppDelegate.swift */,
			);
			path = Utils;
			sourceTree = "<group>";
		};
/* End PBXGroup section */

/* Begin PBXNativeTarget section */
		A4227843229C54D400F5E40F /* Set */ = {
			isa = PBXNativeTarget;
			buildConfigurationList = A422786C229C54D500F5E40F /* Build configuration list for PBXNativeTarget "Set" */;
			buildPhases = (
				A4227840229C54D400F5E40F /* Sources */,
				A4227841229C54D400F5E40F /* Frameworks */,
				A4227842229C54D400F5E40F /* Resources */,
			);
			buildRules = (
			);
			dependencies = (
			);
			name = Set;
			productName = Set;
			productReference = A4227844229C54D400F5E40F /* Set.app */;
			productType = "com.apple.product-type.application";
		};
		A4227857229C54D500F5E40F /* SetTests */ = {
			isa = PBXNativeTarget;
			buildConfigurationList = A422786F229C54D500F5E40F /* Build configuration list for PBXNativeTarget "SetTests" */;
			buildPhases = (
				A4227854229C54D500F5E40F /* Sources */,
				A4227855229C54D500F5E40F /* Frameworks */,
				A4227856229C54D500F5E40F /* Resources */,
			);
			buildRules = (
			);
			dependencies = (
				A422785A229C54D500F5E40F /* PBXTargetDependency */,
			);
			name = SetTests;
			productName = SetTests;
			productReference = A4227858229C54D500F5E40F /* SetTests.xctest */;
			productType = "com.apple.product-type.bundle.unit-test";
		};
		A4227862229C54D500F5E40F /* SetUITests */ = {
			isa = PBXNativeTarget;
			buildConfigurationList = A4227872229C54D500F5E40F /* Build configuration list for PBXNativeTarget "SetUITests" */;
			buildPhases = (
				A422785F229C54D500F5E40F /* Sources */,
				A4227860229C54D500F5E40F /* Frameworks */,
				A4227861229C54D500F5E40F /* Resources */,
			);
			buildRules = (
			);
			dependencies = (
				A4227865229C54D500F5E40F /* PBXTargetDependency */,
			);
			name = SetUITests;
			productName = SetUITests;
			productReference = A4227863229C54D500F5E40F /* SetUITests.xctest */;
			productType = "com.apple.product-type.bundle.ui-testing";
		};
/* End PBXNativeTarget section */

/* Begin PBXProject section */
		A422783C229C54D400F5E40F /* Project object */ = {
			isa = PBXProject;
			attributes = {
				LastSwiftUpdateCheck = 1020;
				LastUpgradeCheck = 1020;
				ORGANIZATIONNAME = "Lexuan Zhou";
				TargetAttributes = {
					A4227843229C54D400F5E40F = {
						CreatedOnToolsVersion = 10.2.1;
					};
					A4227857229C54D500F5E40F = {
						CreatedOnToolsVersion = 10.2.1;
						TestTargetID = A4227843229C54D400F5E40F;
					};
					A4227862229C54D500F5E40F = {
						CreatedOnToolsVersion = 10.2.1;
						TestTargetID = A4227843229C54D400F5E40F;
					};
				};
			};
			buildConfigurationList = A422783F229C54D400F5E40F /* Build configuration list for PBXProject "Set" */;
			compatibilityVersion = "Xcode 9.3";
			developmentRegion = en;
			hasScannedForEncodings = 0;
			knownRegions = (
				en,
				Base,
			);
			mainGroup = A422783B229C54D400F5E40F;
			productRefGroup = A4227845229C54D400F5E40F /* Products */;
			projectDirPath = "";
			projectRoot = "";
			targets = (
				A4227843229C54D400F5E40F /* Set */,
				A4227857229C54D500F5E40F /* SetTests */,
				A4227862229C54D500F5E40F /* SetUITests */,
			);
		};
/* End PBXProject section */

/* Begin PBXResourcesBuildPhase section */
		A4227842229C54D400F5E40F /* Resources */ = {
			isa = PBXResourcesBuildPhase;
			buildActionMask = 2147483647;
			files = (
				A4227852229C54D500F5E40F /* LaunchScreen.storyboard in Resources */,
				A422784F229C54D500F5E40F /* Assets.xcassets in Resources */,
				A422784D229C54D400F5E40F /* Main.storyboard in Resources */,
			);
			runOnlyForDeploymentPostprocessing = 0;
		};
		A4227856229C54D500F5E40F /* Resources */ = {
			isa = PBXResourcesBuildPhase;
			buildActionMask = 2147483647;
			files = (
			);
			runOnlyForDeploymentPostprocessing = 0;
		};
		A4227861229C54D500F5E40F /* Resources */ = {
			isa = PBXResourcesBuildPhase;
			buildActionMask = 2147483647;
			files = (
			);
			runOnlyForDeploymentPostprocessing = 0;
		};
/* End PBXResourcesBuildPhase section */

/* Begin PBXSourcesBuildPhase section */
		A4227840229C54D400F5E40F /* Sources */ = {
			isa = PBXSourcesBuildPhase;
			buildActionMask = 2147483647;
			files = (
				A422784A229C54D400F5E40F /* ViewController.swift in Sources */,
				A4227848229C54D400F5E40F /* AppDelegate.swift in Sources */,
			);
			runOnlyForDeploymentPostprocessing = 0;
		};
		A4227854229C54D500F5E40F /* Sources */ = {
			isa = PBXSourcesBuildPhase;
			buildActionMask = 2147483647;
			files = (
				A422785D229C54D500F5E40F /* SetTests.swift in Sources */,
			);
			runOnlyForDeploymentPostprocessing = 0;
		};
		A422785F229C54D500F5E40F /* Sources */ = {
			isa = PBXSourcesBuildPhase;
			buildActionMask = 2147483647;
			files = (
				A4227868229C54D500F5E40F /* SetUITests.swift in Sources */,
			);
			runOnlyForDeploymentPostprocessing = 0;
		};
/* End PBXSourcesBuildPhase section */

/* Begin PBXTargetDependency section */
		A422785A229C54D500F5E40F /* PBXTargetDependency */ = {
			isa = PBXTargetDependency;
			target = A4227843229C54D400F5E40F /* Set */;
			targetProxy = A4227859229C54D500F5E40F /* PBXContainerItemProxy */;
		};
		A4227865229C54D500F5E40F /* PBXTargetDependency */ = {
			isa = PBXTargetDependency;
			target = A4227843229C54D400F5E40F /* Set */;
			targetProxy = A4227864229C54D500F5E40F /* PBXContainerItemProxy */;
		};
/* End PBXTargetDependency section */

/* Begin PBXVariantGroup section */
		A422784B229C54D400F5E40F /* Main.storyboard */ = {
			isa = PBXVariantGroup;
			children = (
				A422784C229C54D400F5E40F /* Base */,
			);
			name = Main.storyboard;
			sourceTree = "<group>";
		};
		A4227850229C54D500F5E40F /* LaunchScreen.storyboard */ = {
			isa = PBXVariantGroup;
			children = (
				A4227851229C54D500F5E40F /* Base */,
			);
			name = LaunchScreen.storyboard;
			sourceTree = "<group>";
		};
/* End PBXVariantGroup section */

/* Begin XCBuildConfiguration section */
		A422786A229C54D500F5E40F /* Debug */ = {
			isa = XCBuildConfiguration;
			buildSettings = {
				ALWAYS_SEARCH_USER_PATHS = NO;
				CLANG_ANALYZER_NONNULL = YES;
				CLANG_ANALYZER_NUMBER_OBJECT_CONVERSION = YES_AGGRESSIVE;
				CLANG_CXX_LANGUAGE_STANDARD = "gnu++14";
				CLANG_CXX_LIBRARY = "libc++";
				CLANG_ENABLE_MODULES = YES;
				CLANG_ENABLE_OBJC_ARC = YES;
				CLANG_ENABLE_OBJC_WEAK = YES;
				CLANG_WARN_BLOCK_CAPTURE_AUTORELEASING = YES;
				CLANG_WARN_BOOL_CONVERSION = YES;
				CLANG_WARN_COMMA = YES;
				CLANG_WARN_CONSTANT_CONVERSION = YES;
				CLANG_WARN_DEPRECATED_OBJC_IMPLEMENTATIONS = YES;
				CLANG_WARN_DIRECT_OBJC_ISA_USAGE = YES_ERROR;
				CLANG_WARN_DOCUMENTATION_COMMENTS = YES;
				CLANG_WARN_EMPTY_BODY = YES;
				CLANG_WARN_ENUM_CONVERSION = YES;
				CLANG_WARN_INFINITE_RECURSION = YES;
				CLANG_WARN_INT_CONVERSION = YES;
				CLANG_WARN_NON_LITERAL_NULL_CONVERSION = YES;
				CLANG_WARN_OBJC_IMPLICIT_RETAIN_SELF = YES;
				CLANG_WARN_OBJC_LITERAL_CONVERSION = YES;
				CLANG_WARN_OBJC_ROOT_CLASS = YES_ERROR;
				CLANG_WARN_RANGE_LOOP_ANALYSIS = YES;
				CLANG_WARN_STRICT_PROTOTYPES = YES;
				CLANG_WARN_SUSPICIOUS_MOVE = YES;
				CLANG_WARN_UNGUARDED_AVAILABILITY = YES_AGGRESSIVE;
				CLANG_WARN_UNREACHABLE_CODE = YES;
				CLANG_WARN__DUPLICATE_METHOD_MATCH = YES;
				CODE_SIGN_IDENTITY = "iPhone Developer";
				COPY_PHASE_STRIP = NO;
				DEBUG_INFORMATION_FORMAT = dwarf;
				ENABLE_STRICT_OBJC_MSGSEND = YES;
				ENABLE_TESTABILITY = YES;
				GCC_C_LANGUAGE_STANDARD = gnu11;
				GCC_DYNAMIC_NO_PIC = NO;
				GCC_NO_COMMON_BLOCKS = YES;
				GCC_OPTIMIZATION_LEVEL = 0;
				GCC_PREPROCESSOR_DEFINITIONS = (
					"DEBUG=1",
					"$(inherited)",
				);
				GCC_WARN_64_TO_32_BIT_CONVERSION = YES;
				GCC_WARN_ABOUT_RETURN_TYPE = YES_ERROR;
				GCC_WARN_UNDECLARED_SELECTOR = YES;
				GCC_WARN_UNINITIALIZED_AUTOS = YES_AGGRESSIVE;
				GCC_WARN_UNUSED_FUNCTION = YES;
				GCC_WARN_UNUSED_VARIABLE = YES;
				IPHONEOS_DEPLOYMENT_TARGET = 12.2;
				MTL_ENABLE_DEBUG_INFO = INCLUDE_SOURCE;
				MTL_FAST_MATH = YES;
				ONLY_ACTIVE_ARCH = YES;
				SDKROOT = iphoneos;
				SWIFT_ACTIVE_COMPILATION_CONDITIONS = DEBUG;
				SWIFT_OPTIMIZATION_LEVEL = "-Onone";
			};
			name = Debug;
		};
		A422786B229C54D500F5E40F /* Release */ = {
			isa = XCBuildConfiguration;
			buildSettings = {
				ALWAYS_SEARCH_USER_PATHS = NO;
				CLANG_ANALYZER_NONNULL = YES;
				CLANG_ANALYZER_NUMBER_OBJECT_CONVERSION = YES_AGGRESSIVE;
				CLANG_CXX_LANGUAGE_STANDARD = "gnu++14";
				CLANG_CXX_LIBRARY = "libc++";
				CLANG_ENABLE_MODULES = YES;
				CLANG_ENABLE_OBJC_ARC = YES;
				CLANG_ENABLE_OBJC_WEAK = YES;
				CLANG_WARN_BLOCK_CAPTURE_AUTORELEASING = YES;
				CLANG_WARN_BOOL_CONVERSION = YES;
				CLANG_WARN_COMMA = YES;
				CLANG_WARN_CONSTANT_CONVERSION = YES;
				CLANG_WARN_DEPRECATED_OBJC_IMPLEMENTATIONS = YES;
				CLANG_WARN_DIRECT_OBJC_ISA_USAGE = YES_ERROR;
				CLANG_WARN_DOCUMENTATION_COMMENTS = YES;
				CLANG_WARN_EMPTY_BODY = YES;
				CLANG_WARN_ENUM_CONVERSION = YES;
				CLANG_WARN_INFINITE_RECURSION = YES;
				CLANG_WARN_INT_CONVERSION = YES;
				CLANG_WARN_NON_LITERAL_NULL_CONVERSION = YES;
				CLANG_WARN_OBJC_IMPLICIT_RETAIN_SELF = YES;
				CLANG_WARN_OBJC_LITERAL_CONVERSION = YES;
				CLANG_WARN_OBJC_ROOT_CLASS = YES_ERROR;
				CLANG_WARN_RANGE_LOOP_ANALYSIS = YES;
				CLANG_WARN_STRICT_PROTOTYPES = YES;
				CLANG_WARN_SUSPICIOUS_MOVE = YES;
				CLANG_WARN_UNGUARDED_AVAILABILITY = YES_AGGRESSIVE;
				CLANG_WARN_UNREACHABLE_CODE = YES;
				CLANG_WARN__DUPLICATE_METHOD_MATCH = YES;
				CODE_SIGN_IDENTITY = "iPhone Developer";
				COPY_PHASE_STRIP = NO;
				DEBUG_INFORMATION_FORMAT = "dwarf-with-dsym";
				ENABLE_NS_ASSERTIONS = NO;
				ENABLE_STRICT_OBJC_MSGSEND = YES;
				GCC_C_LANGUAGE_STANDARD = gnu11;
				GCC_NO_COMMON_BLOCKS = YES;
				GCC_WARN_64_TO_32_BIT_CONVERSION = YES;
				GCC_WARN_ABOUT_RETURN_TYPE = YES_ERROR;
				GCC_WARN_UNDECLARED_SELECTOR = YES;
				GCC_WARN_UNINITIALIZED_AUTOS = YES_AGGRESSIVE;
				GCC_WARN_UNUSED_FUNCTION = YES;
				GCC_WARN_UNUSED_VARIABLE = YES;
				IPHONEOS_DEPLOYMENT_TARGET = 12.2;
				MTL_ENABLE_DEBUG_INFO = NO;
				MTL_FAST_MATH = YES;
				SDKROOT = iphoneos;
				SWIFT_COMPILATION_MODE = wholemodule;
				SWIFT_OPTIMIZATION_LEVEL = "-O";
				VALIDATE_PRODUCT = YES;
			};
			name = Release;
		};
		A422786D229C54D500F5E40F /* Debug */ = {
			isa = XCBuildConfiguration;
			buildSettings = {
				ASSETCATALOG_COMPILER_APPICON_NAME = AppIcon;
				CODE_SIGN_STYLE = Automatic;
				DEVELOPMENT_TEAM = WU94YVETQU;
				INFOPLIST_FILE = Set/Info.plist;
				LD_RUNPATH_SEARCH_PATHS = (
					"$(inherited)",
					"@executable_path/Frameworks",
				);
				PRODUCT_BUNDLE_IDENTIFIER = LexuanZhou.Set;
				PRODUCT_NAME = "$(TARGET_NAME)";
				SWIFT_VERSION = 5.0;
				TARGETED_DEVICE_FAMILY = "1,2";
			};
			name = Debug;
		};
		A422786E229C54D500F5E40F /* Release */ = {
			isa = XCBuildConfiguration;
			buildSettings = {
				ASSETCATALOG_COMPILER_APPICON_NAME = AppIcon;
				CODE_SIGN_STYLE = Automatic;
				DEVELOPMENT_TEAM = WU94YVETQU;
				INFOPLIST_FILE = Set/Info.plist;
				LD_RUNPATH_SEARCH_PATHS = (
					"$(inherited)",
					"@executable_path/Frameworks",
				);
				PRODUCT_BUNDLE_IDENTIFIER = LexuanZhou.Set;
				PRODUCT_NAME = "$(TARGET_NAME)";
				SWIFT_VERSION = 5.0;
				TARGETED_DEVICE_FAMILY = "1,2";
			};
			name = Release;
		};
		A4227870229C54D500F5E40F /* Debug */ = {
			isa = XCBuildConfiguration;
			buildSettings = {
				ALWAYS_EMBED_SWIFT_STANDARD_LIBRARIES = YES;
				BUNDLE_LOADER = "$(TEST_HOST)";
				CODE_SIGN_STYLE = Automatic;
				DEVELOPMENT_TEAM = WU94YVETQU;
				INFOPLIST_FILE = SetTests/Info.plist;
				LD_RUNPATH_SEARCH_PATHS = (
					"$(inherited)",
					"@executable_path/Frameworks",
					"@loader_path/Frameworks",
				);
				PRODUCT_BUNDLE_IDENTIFIER = LexuanZhou.SetTests;
				PRODUCT_NAME = "$(TARGET_NAME)";
				SWIFT_VERSION = 5.0;
				TARGETED_DEVICE_FAMILY = "1,2";
				TEST_HOST = "$(BUILT_PRODUCTS_DIR)/Set.app/Set";
			};
			name = Debug;
		};
		A4227871229C54D500F5E40F /* Release */ = {
			isa = XCBuildConfiguration;
			buildSettings = {
				ALWAYS_EMBED_SWIFT_STANDARD_LIBRARIES = YES;
				BUNDLE_LOADER = "$(TEST_HOST)";
				CODE_SIGN_STYLE = Automatic;
				DEVELOPMENT_TEAM = WU94YVETQU;
				INFOPLIST_FILE = SetTests/Info.plist;
				LD_RUNPATH_SEARCH_PATHS = (
					"$(inherited)",
					"@executable_path/Frameworks",
					"@loader_path/Frameworks",
				);
				PRODUCT_BUNDLE_IDENTIFIER = LexuanZhou.SetTests;
				PRODUCT_NAME = "$(TARGET_NAME)";
				SWIFT_VERSION = 5.0;
				TARGETED_DEVICE_FAMILY = "1,2";
				TEST_HOST = "$(BUILT_PRODUCTS_DIR)/Set.app/Set";
			};
			name = Release;
		};
		A4227873229C54D500F5E40F /* Debug */ = {
			isa = XCBuildConfiguration;
			buildSettings = {
				ALWAYS_EMBED_SWIFT_STANDARD_LIBRARIES = YES;
				CODE_SIGN_STYLE = Automatic;
				DEVELOPMENT_TEAM = WU94YVETQU;
				INFOPLIST_FILE = SetUITests/Info.plist;
				LD_RUNPATH_SEARCH_PATHS = (
					"$(inherited)",
					"@executable_path/Frameworks",
					"@loader_path/Frameworks",
				);
				PRODUCT_BUNDLE_IDENTIFIER = LexuanZhou.SetUITests;
				PRODUCT_NAME = "$(TARGET_NAME)";
				SWIFT_VERSION = 5.0;
				TARGETED_DEVICE_FAMILY = "1,2";
				TEST_TARGET_NAME = Set;
			};
			name = Debug;
		};
		A4227874229C54D500F5E40F /* Release */ = {
			isa = XCBuildConfiguration;
			buildSettings = {
				ALWAYS_EMBED_SWIFT_STANDARD_LIBRARIES = YES;
				CODE_SIGN_STYLE = Automatic;
				DEVELOPMENT_TEAM = WU94YVETQU;
				INFOPLIST_FILE = SetUITests/Info.plist;
				LD_RUNPATH_SEARCH_PATHS = (
					"$(inherited)",
					"@executable_path/Frameworks",
					"@loader_path/Frameworks",
				);
				PRODUCT_BUNDLE_IDENTIFIER = LexuanZhou.SetUITests;
				PRODUCT_NAME = "$(TARGET_NAME)";
				SWIFT_VERSION = 5.0;
				TARGETED_DEVICE_FAMILY = "1,2";
				TEST_TARGET_NAME = Set;
			};
			name = Release;
		};
/* End XCBuildConfiguration section */

/* Begin XCConfigurationList section */
		A422783F229C54D400F5E40F /* Build configuration list for PBXProject "Set" */ = {
			isa = XCConfigurationList;
			buildConfigurations = (
				A422786A229C54D500F5E40F /* Debug */,
				A422786B229C54D500F5E40F /* Release */,
			);
			defaultConfigurationIsVisible = 0;
			defaultConfigurationName = Release;
		};
		A422786C229C54D500F5E40F /* Build configuration list for PBXNativeTarget "Set" */ = {
			isa = XCConfigurationList;
			buildConfigurations = (
				A422786D229C54D500F5E40F /* Debug */,
				A422786E229C54D500F5E40F /* Release */,
			);
			defaultConfigurationIsVisible = 0;
			defaultConfigurationName = Release;
		};
		A422786F229C54D500F5E40F /* Build configuration list for PBXNativeTarget "SetTests" */ = {
			isa = XCConfigurationList;
			buildConfigurations = (
				A4227870229C54D500F5E40F /* Debug */,
				A4227871229C54D500F5E40F /* Release */,
			);
			defaultConfigurationIsVisible = 0;
			defaultConfigurationName = Release;
		};
		A4227872229C54D500F5E40F /* Build configuration list for PBXNativeTarget "SetUITests" */ = {
			isa = XCConfigurationList;
			buildConfigurations = (
				A4227873229C54D500F5E40F /* Debug */,
				A4227874229C54D500F5E40F /* Release */,
			);
			defaultConfigurationIsVisible = 0;
			defaultConfigurationName = Release;
		};
/* End XCConfigurationList section */
	};
	rootObject = A422783C229C54D400F5E40F /* Project object */;
}
